# THIS IS AN AUTOGENERATED FILE. DO NOT EDIT THIS FILE DIRECTLY.
# yarn lockfile v1


fastest-validator@^1.13.0:
  version "1.13.0"
  resolved "https://registry.yarnpkg.com/fastest-validator/-/fastest-validator-1.13.0.tgz#d144661d9c1546fe9a5e1b85d6544eed0da1fa19"
  integrity sha512-mDFnLPAQ1inK0Ql5xagQPgcdMP9TnUoun/O0lXjK6FJ1GEKI8CKEvcz0xXQmDWviUWHwLsSB1BSRindq1zc6Gw==
